// !$*UTF8*$!
{
	archiveVersion = 1;
	classes = {
	};
	objectVersion = 70;
	objects = {

/* Begin PBXBuildFile section */
		6D017B282D56815400594A46 /* WishlistSyncUserCase.swift in Sources */ = {isa = PBXBuildFile; fileRef = 6D017B272D56813600594A46 /* WishlistSyncUserCase.swift */; };
		6D10214F2D6CACDE00339726 /* WishlistServiceTests.swift in Sources */ = {isa = PBXBuildFile; fileRef = 6D10214E2D6CACDE00339726 /* WishlistServiceTests.swift */; };
		6D46DC592D42F47C007D2B42 /* AppDelegate.swift in Sources */ = {isa = PBXBuildFile; fileRef = 6D46DC582D42F47C007D2B42 /* AppDelegate.swift */; };
		6D46DC5B2D42F47C007D2B42 /* ViewController.swift in Sources */ = {isa = PBXBuildFile; fileRef = 6D46DC5A2D42F47C007D2B42 /* ViewController.swift */; };
		6D46DC5D2D42F47F007D2B42 /* Assets.xcassets in Resources */ = {isa = PBXBuildFile; fileRef = 6D46DC5C2D42F47F007D2B42 /* Assets.xcassets */; };
		6D46DC602D42F47F007D2B42 /* Base in Resources */ = {isa = PBXBuildFile; fileRef = 6D46DC5F2D42F47F007D2B42 /* Base */; };
		6D46DC6B2D42F480007D2B42 /* PasswordChangedObserverTests.swift in Sources */ = {isa = PBXBuildFile; fileRef = 6D46DC6A2D42F480007D2B42 /* PasswordChangedObserverTests.swift */; };
		6D46DC882D42F53B007D2B42 /* PasswordChangedObserver.swift in Sources */ = {isa = PBXBuildFile; fileRef = 6D46DC872D42F53B007D2B42 /* PasswordChangedObserver.swift */; };
		6D46DC8E2D42F7C6007D2B42 /* OnboardingManager.swift in Sources */ = {isa = PBXBuildFile; fileRef = 6D46DC8D2D42F7C6007D2B42 /* OnboardingManager.swift */; };
		6D46DC912D42F8EF007D2B42 /* OnboardingManagerTests.swift in Sources */ = {isa = PBXBuildFile; fileRef = 6D46DC902D42F8EF007D2B42 /* OnboardingManagerTests.swift */; };
		6D46DC942D42FE86007D2B42 /* URLProtocolStub.swift in Sources */ = {isa = PBXBuildFile; fileRef = 6D46DC932D42FE86007D2B42 /* URLProtocolStub.swift */; };
		6D46DC972D42FED5007D2B42 /* OrderService.swift in Sources */ = {isa = PBXBuildFile; fileRef = 6D46DC962D42FED5007D2B42 /* OrderService.swift */; };
		6D46DC992D43017C007D2B42 /* HTTPClient.swift in Sources */ = {isa = PBXBuildFile; fileRef = 6D46DC982D43017C007D2B42 /* HTTPClient.swift */; };
		6D46DC9C2D430255007D2B42 /* OrderServiceTests.swift in Sources */ = {isa = PBXBuildFile; fileRef = 6D46DC9B2D430255007D2B42 /* OrderServiceTests.swift */; };
		6D46DC9E2D43045F007D2B42 /* Models.swift in Sources */ = {isa = PBXBuildFile; fileRef = 6D46DC9D2D43045F007D2B42 /* Models.swift */; };
		6DB0CF072D6CC2D000CB5826 /* WishlistMockClient.swift in Sources */ = {isa = PBXBuildFile; fileRef = 6DB0CF062D6CC2CC00CB5826 /* WishlistMockClient.swift */; };
/* End PBXBuildFile section */

/* Begin PBXContainerItemProxy section */
		6D46DC672D42F480007D2B42 /* PBXContainerItemProxy */ = {
			isa = PBXContainerItemProxy;
			containerPortal = 6D46DC4D2D42F47C007D2B42 /* Project object */;
			proxyType = 1;
			remoteGlobalIDString = 6D46DC542D42F47C007D2B42;
			remoteInfo = UnitTestWorkshop;
		};
/* End PBXContainerItemProxy section */

/* Begin PBXFileReference section */
		6D017B272D56813600594A46 /* WishlistSyncUserCase.swift */ = {isa = PBXFileReference; lastKnownFileType = sourcecode.swift; path = WishlistSyncUserCase.swift; sourceTree = "<group>"; };
		6D10214E2D6CACDE00339726 /* WishlistServiceTests.swift */ = {isa = PBXFileReference; lastKnownFileType = sourcecode.swift; path = WishlistServiceTests.swift; sourceTree = "<group>"; };
		6D46DC552D42F47C007D2B42 /* UnitTestWorkshop.app */ = {isa = PBXFileReference; explicitFileType = wrapper.application; includeInIndex = 0; path = UnitTestWorkshop.app; sourceTree = BUILT_PRODUCTS_DIR; };
		6D46DC582D42F47C007D2B42 /* AppDelegate.swift */ = {isa = PBXFileReference; lastKnownFileType = sourcecode.swift; path = AppDelegate.swift; sourceTree = "<group>"; };
		6D46DC5A2D42F47C007D2B42 /* ViewController.swift */ = {isa = PBXFileReference; lastKnownFileType = sourcecode.swift; path = ViewController.swift; sourceTree = "<group>"; };
		6D46DC5C2D42F47F007D2B42 /* Assets.xcassets */ = {isa = PBXFileReference; lastKnownFileType = folder.assetcatalog; path = Assets.xcassets; sourceTree = "<group>"; };
		6D46DC5F2D42F47F007D2B42 /* Base */ = {isa = PBXFileReference; lastKnownFileType = file.storyboard; name = Base; path = Base.lproj/Main.storyboard; sourceTree = "<group>"; };
		6D46DC612D42F47F007D2B42 /* UnitTestWorkshop.entitlements */ = {isa = PBXFileReference; lastKnownFileType = text.plist.entitlements; path = UnitTestWorkshop.entitlements; sourceTree = "<group>"; };
		6D46DC662D42F480007D2B42 /* UnitTestWorkshopTests.xctest */ = {isa = PBXFileReference; explicitFileType = wrapper.cfbundle; includeInIndex = 0; path = UnitTestWorkshopTests.xctest; sourceTree = BUILT_PRODUCTS_DIR; };
		6D46DC6A2D42F480007D2B42 /* PasswordChangedObserverTests.swift */ = {isa = PBXFileReference; lastKnownFileType = sourcecode.swift; path = PasswordChangedObserverTests.swift; sourceTree = "<group>"; };
		6D46DC872D42F53B007D2B42 /* PasswordChangedObserver.swift */ = {isa = PBXFileReference; lastKnownFileType = sourcecode.swift; path = PasswordChangedObserver.swift; sourceTree = "<group>"; };
		6D46DC8D2D42F7C6007D2B42 /* OnboardingManager.swift */ = {isa = PBXFileReference; lastKnownFileType = sourcecode.swift; path = OnboardingManager.swift; sourceTree = "<group>"; };
		6D46DC902D42F8EF007D2B42 /* OnboardingManagerTests.swift */ = {isa = PBXFileReference; lastKnownFileType = sourcecode.swift; path = OnboardingManagerTests.swift; sourceTree = "<group>"; };
		6D46DC932D42FE86007D2B42 /* URLProtocolStub.swift */ = {isa = PBXFileReference; fileEncoding = 4; lastKnownFileType = sourcecode.swift; path = URLProtocolStub.swift; sourceTree = "<group>"; };
		6D46DC962D42FED5007D2B42 /* OrderService.swift */ = {isa = PBXFileReference; fileEncoding = 4; lastKnownFileType = sourcecode.swift; path = OrderService.swift; sourceTree = "<group>"; };
		6D46DC982D43017C007D2B42 /* HTTPClient.swift */ = {isa = PBXFileReference; lastKnownFileType = sourcecode.swift; path = HTTPClient.swift; sourceTree = "<group>"; };
		6D46DC9B2D430255007D2B42 /* OrderServiceTests.swift */ = {isa = PBXFileReference; lastKnownFileType = sourcecode.swift; path = OrderServiceTests.swift; sourceTree = "<group>"; };
		6D46DC9D2D43045F007D2B42 /* Models.swift */ = {isa = PBXFileReference; lastKnownFileType = sourcecode.swift; path = Models.swift; sourceTree = "<group>"; };
		6DB0CF052D6CBFFD00CB5826 /* UnitTestWorkshopTests.xctestplan */ = {isa = PBXFileReference; lastKnownFileType = text; path = UnitTestWorkshopTests.xctestplan; sourceTree = "<group>"; };
		6DB0CF062D6CC2CC00CB5826 /* WishlistMockClient.swift */ = {isa = PBXFileReference; lastKnownFileType = sourcecode.swift; path = WishlistMockClient.swift; sourceTree = "<group>"; };
/* End PBXFileReference section */

/* Begin PBXFileSystemSynchronizedRootGroup section */
		6DB26D882D6F5A200022B338 /* Example5 */ = {isa = PBXFileSystemSynchronizedRootGroup; explicitFileTypes = {}; explicitFolders = (); path = Example5; sourceTree = "<group>"; };
		6DB26D8C2D6F5F970022B338 /* Example5 */ = {isa = PBXFileSystemSynchronizedRootGroup; explicitFileTypes = {}; explicitFolders = (); path = Example5; sourceTree = "<group>"; };
/* End PBXFileSystemSynchronizedRootGroup section */

/* Begin PBXFrameworksBuildPhase section */
		6D46DC522D42F47C007D2B42 /* Frameworks */ = {
			isa = PBXFrameworksBuildPhase;
			buildActionMask = 2147483647;
			files = (
			);
			runOnlyForDeploymentPostprocessing = 0;
		};
		6D46DC632D42F480007D2B42 /* Frameworks */ = {
			isa = PBXFrameworksBuildPhase;
			buildActionMask = 2147483647;
			files = (
			);
			runOnlyForDeploymentPostprocessing = 0;
		};
/* End PBXFrameworksBuildPhase section */

/* Begin PBXGroup section */
		6D017B262D567EC800594A46 /* Example4 */ = {
			isa = PBXGroup;
			children = (
				6D017B272D56813600594A46 /* WishlistSyncUserCase.swift */,
			);
			path = Example4;
			sourceTree = "<group>";
		};
		6D10214D2D6BA8A800339726 /* Example4 */ = {
			isa = PBXGroup;
			children = (
				6D10214E2D6CACDE00339726 /* WishlistServiceTests.swift */,
				6DB0CF062D6CC2CC00CB5826 /* WishlistMockClient.swift */,
			);
			path = Example4;
			sourceTree = "<group>";
		};
		6D46DC4C2D42F47C007D2B42 = {
			isa = PBXGroup;
			children = (
				6DB0CF052D6CBFFD00CB5826 /* UnitTestWorkshopTests.xctestplan */,
				6D46DC572D42F47C007D2B42 /* UnitTestWorkshop */,
				6D46DC692D42F480007D2B42 /* UnitTestWorkshopTests */,
				6D46DC562D42F47C007D2B42 /* Products */,
			);
			sourceTree = "<group>";
		};
		6D46DC562D42F47C007D2B42 /* Products */ = {
			isa = PBXGroup;
			children = (
				6D46DC552D42F47C007D2B42 /* UnitTestWorkshop.app */,
				6D46DC662D42F480007D2B42 /* UnitTestWorkshopTests.xctest */,
			);
			name = Products;
			sourceTree = "<group>";
		};
		6D46DC572D42F47C007D2B42 /* UnitTestWorkshop */ = {
			isa = PBXGroup;
			children = (
				6D46DC8A2D42F719007D2B42 /* App */,
				6D46DC852D42F4C7007D2B42 /* Example1 */,
				6D46DC8C2D42F76D007D2B42 /* Example2 */,
				6D46DC952D42FEA6007D2B42 /* Example3 */,
				6D017B262D567EC800594A46 /* Example4 */,
				6DB26D882D6F5A200022B338 /* Example5 */,
				6D46DC5C2D42F47F007D2B42 /* Assets.xcassets */,
				6D46DC5E2D42F47F007D2B42 /* Main.storyboard */,
				6D46DC612D42F47F007D2B42 /* UnitTestWorkshop.entitlements */,
			);
			path = UnitTestWorkshop;
			sourceTree = "<group>";
		};
		6D46DC692D42F480007D2B42 /* UnitTestWorkshopTests */ = {
			isa = PBXGroup;
			children = (
				6D46DC922D42FE63007D2B42 /* Helpers */,
				6D46DC892D42F627007D2B42 /* Example1 */,
				6D46DC8F2D42F8D4007D2B42 /* Example2 */,
				6D46DC9A2D43023C007D2B42 /* Example3 */,
				6D10214D2D6BA8A800339726 /* Example4 */,
				6DB26D8C2D6F5F970022B338 /* Example5 */,
			);
			path = UnitTestWorkshopTests;
			sourceTree = "<group>";
		};
		6D46DC852D42F4C7007D2B42 /* Example1 */ = {
			isa = PBXGroup;
			children = (
				6D46DC872D42F53B007D2B42 /* PasswordChangedObserver.swift */,
			);
			path = Example1;
			sourceTree = "<group>";
		};
		6D46DC892D42F627007D2B42 /* Example1 */ = {
			isa = PBXGroup;
			children = (
				6D46DC6A2D42F480007D2B42 /* PasswordChangedObserverTests.swift */,
			);
			path = Example1;
			sourceTree = "<group>";
		};
		6D46DC8A2D42F719007D2B42 /* App */ = {
			isa = PBXGroup;
			children = (
				6D46DC5A2D42F47C007D2B42 /* ViewController.swift */,
				6D46DC582D42F47C007D2B42 /* AppDelegate.swift */,
			);
			path = App;
			sourceTree = "<group>";
		};
		6D46DC8C2D42F76D007D2B42 /* Example2 */ = {
			isa = PBXGroup;
			children = (
				6D46DC8D2D42F7C6007D2B42 /* OnboardingManager.swift */,
			);
			path = Example2;
			sourceTree = "<group>";
		};
		6D46DC8F2D42F8D4007D2B42 /* Example2 */ = {
			isa = PBXGroup;
			children = (
				6D46DC902D42F8EF007D2B42 /* OnboardingManagerTests.swift */,
			);
			path = Example2;
			sourceTree = "<group>";
		};
		6D46DC922D42FE63007D2B42 /* Helpers */ = {
			isa = PBXGroup;
			children = (
				6D46DC932D42FE86007D2B42 /* URLProtocolStub.swift */,
			);
			path = Helpers;
			sourceTree = "<group>";
		};
		6D46DC952D42FEA6007D2B42 /* Example3 */ = {
			isa = PBXGroup;
			children = (
				6D46DC982D43017C007D2B42 /* HTTPClient.swift */,
				6D46DC9D2D43045F007D2B42 /* Models.swift */,
				6D46DC962D42FED5007D2B42 /* OrderService.swift */,
			);
			path = Example3;
			sourceTree = "<group>";
		};
		6D46DC9A2D43023C007D2B42 /* Example3 */ = {
			isa = PBXGroup;
			children = (
				6D46DC9B2D430255007D2B42 /* OrderServiceTests.swift */,
			);
			path = Example3;
			sourceTree = "<group>";
		};
/* End PBXGroup section */

/* Begin PBXNativeTarget section */
		6D46DC542D42F47C007D2B42 /* UnitTestWorkshop */ = {
			isa = PBXNativeTarget;
			buildConfigurationList = 6D46DC7A2D42F480007D2B42 /* Build configuration list for PBXNativeTarget "UnitTestWorkshop" */;
			buildPhases = (
				6D46DC512D42F47C007D2B42 /* Sources */,
				6D46DC522D42F47C007D2B42 /* Frameworks */,
				6D46DC532D42F47C007D2B42 /* Resources */,
			);
			buildRules = (
			);
			dependencies = (
			);
			fileSystemSynchronizedGroups = (
				6DB26D882D6F5A200022B338 /* Example5 */,
			);
			name = UnitTestWorkshop;
			productName = UnitTestWorkshop;
			productReference = 6D46DC552D42F47C007D2B42 /* UnitTestWorkshop.app */;
			productType = "com.apple.product-type.application";
		};
		6D46DC652D42F480007D2B42 /* UnitTestWorkshopTests */ = {
			isa = PBXNativeTarget;
			buildConfigurationList = 6D46DC7D2D42F480007D2B42 /* Build configuration list for PBXNativeTarget "UnitTestWorkshopTests" */;
			buildPhases = (
				6D46DC622D42F480007D2B42 /* Sources */,
				6D46DC632D42F480007D2B42 /* Frameworks */,
				6D46DC642D42F480007D2B42 /* Resources */,
			);
			buildRules = (
			);
			dependencies = (
				6D46DC682D42F480007D2B42 /* PBXTargetDependency */,
			);
			fileSystemSynchronizedGroups = (
				6DB26D8C2D6F5F970022B338 /* Example5 */,
			);
			name = UnitTestWorkshopTests;
			productName = UnitTestWorkshopTests;
			productReference = 6D46DC662D42F480007D2B42 /* UnitTestWorkshopTests.xctest */;
			productType = "com.apple.product-type.bundle.unit-test";
		};
/* End PBXNativeTarget section */

/* Begin PBXProject section */
		6D46DC4D2D42F47C007D2B42 /* Project object */ = {
			isa = PBXProject;
			attributes = {
				BuildIndependentTargetsInParallel = 1;
				LastSwiftUpdateCheck = 1540;
				LastUpgradeCheck = 1540;
				TargetAttributes = {
					6D46DC542D42F47C007D2B42 = {
						CreatedOnToolsVersion = 15.4;
					};
					6D46DC652D42F480007D2B42 = {
						CreatedOnToolsVersion = 15.4;
						TestTargetID = 6D46DC542D42F47C007D2B42;
					};
				};
			};
			buildConfigurationList = 6D46DC502D42F47C007D2B42 /* Build configuration list for PBXProject "UnitTestWorkshop" */;
			compatibilityVersion = "Xcode 14.0";
			developmentRegion = en;
			hasScannedForEncodings = 0;
			knownRegions = (
				en,
				Base,
			);
			mainGroup = 6D46DC4C2D42F47C007D2B42;
			productRefGroup = 6D46DC562D42F47C007D2B42 /* Products */;
			projectDirPath = "";
			projectRoot = "";
			targets = (
				6D46DC542D42F47C007D2B42 /* UnitTestWorkshop */,
				6D46DC652D42F480007D2B42 /* UnitTestWorkshopTests */,
			);
		};
/* End PBXProject section */

/* Begin PBXResourcesBuildPhase section */
		6D46DC532D42F47C007D2B42 /* Resources */ = {
			isa = PBXResourcesBuildPhase;
			buildActionMask = 2147483647;
			files = (
				6D46DC5D2D42F47F007D2B42 /* Assets.xcassets in Resources */,
				6D46DC602D42F47F007D2B42 /* Base in Resources */,
			);
			runOnlyForDeploymentPostprocessing = 0;
		};
		6D46DC642D42F480007D2B42 /* Resources */ = {
			isa = PBXResourcesBuildPhase;
			buildActionMask = 2147483647;
			files = (
			);
			runOnlyForDeploymentPostprocessing = 0;
		};
/* End PBXResourcesBuildPhase section */

/* Begin PBXSourcesBuildPhase section */
		6D46DC512D42F47C007D2B42 /* Sources */ = {
			isa = PBXSourcesBuildPhase;
			buildActionMask = 2147483647;
			files = (
				6D46DC8E2D42F7C6007D2B42 /* OnboardingManager.swift in Sources */,
				6D46DC992D43017C007D2B42 /* HTTPClient.swift in Sources */,
				6D017B282D56815400594A46 /* WishlistSyncUserCase.swift in Sources */,
				6D46DC5B2D42F47C007D2B42 /* ViewController.swift in Sources */,
				6D46DC9E2D43045F007D2B42 /* Models.swift in Sources */,
				6D46DC972D42FED5007D2B42 /* OrderService.swift in Sources */,
				6D46DC592D42F47C007D2B42 /* AppDelegate.swift in Sources */,
			);
			runOnlyForDeploymentPostprocessing = 0;
		};
		6D46DC622D42F480007D2B42 /* Sources */ = {
			isa = PBXSourcesBuildPhase;
			buildActionMask = 2147483647;
			files = (
				6D10214F2D6CACDE00339726 /* WishlistServiceTests.swift in Sources */,
				6DB0CF072D6CC2D000CB5826 /* WishlistMockClient.swift in Sources */,
				6D46DC9C2D430255007D2B42 /* OrderServiceTests.swift in Sources */,
				6D46DC6B2D42F480007D2B42 /* PasswordChangedObserverTests.swift in Sources */,
				6D46DC912D42F8EF007D2B42 /* OnboardingManagerTests.swift in Sources */,
				6D46DC882D42F53B007D2B42 /* PasswordChangedObserver.swift in Sources */,
				6D46DC942D42FE86007D2B42 /* URLProtocolStub.swift in Sources */,
			);
			runOnlyForDeploymentPostprocessing = 0;
		};
/* End PBXSourcesBuildPhase section */

/* Begin PBXTargetDependency section */
		6D46DC682D42F480007D2B42 /* PBXTargetDependency */ = {
			isa = PBXTargetDependency;
			target = 6D46DC542D42F47C007D2B42 /* UnitTestWorkshop */;
			targetProxy = 6D46DC672D42F480007D2B42 /* PBXContainerItemProxy */;
		};
/* End PBXTargetDependency section */

/* Begin PBXVariantGroup section */
		6D46DC5E2D42F47F007D2B42 /* Main.storyboard */ = {
			isa = PBXVariantGroup;
			children = (
				6D46DC5F2D42F47F007D2B42 /* Base */,
			);
			name = Main.storyboard;
			sourceTree = "<group>";
		};
/* End PBXVariantGroup section */

/* Begin XCBuildConfiguration section */
		6D46DC782D42F480007D2B42 /* Debug */ = {
			isa = XCBuildConfiguration;
			buildSettings = {
				ALWAYS_SEARCH_USER_PATHS = NO;
				ASSETCATALOG_COMPILER_GENERATE_SWIFT_ASSET_SYMBOL_EXTENSIONS = YES;
				CLANG_ANALYZER_NONNULL = YES;
				CLANG_ANALYZER_NUMBER_OBJECT_CONVERSION = YES_AGGRESSIVE;
				CLANG_CXX_LANGUAGE_STANDARD = "gnu++20";
				CLANG_ENABLE_MODULES = YES;
				CLANG_ENABLE_OBJC_ARC = YES;
				CLANG_ENABLE_OBJC_WEAK = YES;
				CLANG_WARN_BLOCK_CAPTURE_AUTORELEASING = YES;
				CLANG_WARN_BOOL_CONVERSION = YES;
				CLANG_WARN_COMMA = YES;
				CLANG_WARN_CONSTANT_CONVERSION = YES;
				CLANG_WARN_DEPRECATED_OBJC_IMPLEMENTATIONS = YES;
				CLANG_WARN_DIRECT_OBJC_ISA_USAGE = YES_ERROR;
				CLANG_WARN_DOCUMENTATION_COMMENTS = YES;
				CLANG_WARN_EMPTY_BODY = YES;
				CLANG_WARN_ENUM_CONVERSION = YES;
				CLANG_WARN_INFINITE_RECURSION = YES;
				CLANG_WARN_INT_CONVERSION = YES;
				CLANG_WARN_NON_LITERAL_NULL_CONVERSION = YES;
				CLANG_WARN_OBJC_IMPLICIT_RETAIN_SELF = YES;
				CLANG_WARN_OBJC_LITERAL_CONVERSION = YES;
				CLANG_WARN_OBJC_ROOT_CLASS = YES_ERROR;
				CLANG_WARN_QUOTED_INCLUDE_IN_FRAMEWORK_HEADER = YES;
				CLANG_WARN_RANGE_LOOP_ANALYSIS = YES;
				CLANG_WARN_STRICT_PROTOTYPES = YES;
				CLANG_WARN_SUSPICIOUS_MOVE = YES;
				CLANG_WARN_UNGUARDED_AVAILABILITY = YES_AGGRESSIVE;
				CLANG_WARN_UNREACHABLE_CODE = YES;
				CLANG_WARN__DUPLICATE_METHOD_MATCH = YES;
				COPY_PHASE_STRIP = NO;
				DEBUG_INFORMATION_FORMAT = dwarf;
				ENABLE_STRICT_OBJC_MSGSEND = YES;
				ENABLE_TESTABILITY = YES;
				ENABLE_USER_SCRIPT_SANDBOXING = YES;
				GCC_C_LANGUAGE_STANDARD = gnu17;
				GCC_DYNAMIC_NO_PIC = NO;
				GCC_NO_COMMON_BLOCKS = YES;
				GCC_OPTIMIZATION_LEVEL = 0;
				GCC_PREPROCESSOR_DEFINITIONS = (
					"DEBUG=1",
					"$(inherited)",
				);
				GCC_WARN_64_TO_32_BIT_CONVERSION = YES;
				GCC_WARN_ABOUT_RETURN_TYPE = YES_ERROR;
				GCC_WARN_UNDECLARED_SELECTOR = YES;
				GCC_WARN_UNINITIALIZED_AUTOS = YES_AGGRESSIVE;
				GCC_WARN_UNUSED_FUNCTION = YES;
				GCC_WARN_UNUSED_VARIABLE = YES;
				LOCALIZATION_PREFERS_STRING_CATALOGS = YES;
				MACOSX_DEPLOYMENT_TARGET = 14.5;
				MTL_ENABLE_DEBUG_INFO = INCLUDE_SOURCE;
				MTL_FAST_MATH = YES;
				ONLY_ACTIVE_ARCH = YES;
				SDKROOT = macosx;
				SWIFT_ACTIVE_COMPILATION_CONDITIONS = "DEBUG $(inherited)";
				SWIFT_OPTIMIZATION_LEVEL = "-Onone";
			};
			name = Debug;
		};
		6D46DC792D42F480007D2B42 /* Release */ = {
			isa = XCBuildConfiguration;
			buildSettings = {
				ALWAYS_SEARCH_USER_PATHS = NO;
				ASSETCATALOG_COMPILER_GENERATE_SWIFT_ASSET_SYMBOL_EXTENSIONS = YES;
				CLANG_ANALYZER_NONNULL = YES;
				CLANG_ANALYZER_NUMBER_OBJECT_CONVERSION = YES_AGGRESSIVE;
				CLANG_CXX_LANGUAGE_STANDARD = "gnu++20";
				CLANG_ENABLE_MODULES = YES;
				CLANG_ENABLE_OBJC_ARC = YES;
				CLANG_ENABLE_OBJC_WEAK = YES;
				CLANG_WARN_BLOCK_CAPTURE_AUTORELEASING = YES;
				CLANG_WARN_BOOL_CONVERSION = YES;
				CLANG_WARN_COMMA = YES;
				CLANG_WARN_CONSTANT_CONVERSION = YES;
				CLANG_WARN_DEPRECATED_OBJC_IMPLEMENTATIONS = YES;
				CLANG_WARN_DIRECT_OBJC_ISA_USAGE = YES_ERROR;
				CLANG_WARN_DOCUMENTATION_COMMENTS = YES;
				CLANG_WARN_EMPTY_BODY = YES;
				CLANG_WARN_ENUM_CONVERSION = YES;
				CLANG_WARN_INFINITE_RECURSION = YES;
				CLANG_WARN_INT_CONVERSION = YES;
				CLANG_WARN_NON_LITERAL_NULL_CONVERSION = YES;
				CLANG_WARN_OBJC_IMPLICIT_RETAIN_SELF = YES;
				CLANG_WARN_OBJC_LITERAL_CONVERSION = YES;
				CLANG_WARN_OBJC_ROOT_CLASS = YES_ERROR;
				CLANG_WARN_QUOTED_INCLUDE_IN_FRAMEWORK_HEADER = YES;
				CLANG_WARN_RANGE_LOOP_ANALYSIS = YES;
				CLANG_WARN_STRICT_PROTOTYPES = YES;
				CLANG_WARN_SUSPICIOUS_MOVE = YES;
				CLANG_WARN_UNGUARDED_AVAILABILITY = YES_AGGRESSIVE;
				CLANG_WARN_UNREACHABLE_CODE = YES;
				CLANG_WARN__DUPLICATE_METHOD_MATCH = YES;
				COPY_PHASE_STRIP = NO;
				DEBUG_INFORMATION_FORMAT = "dwarf-with-dsym";
				ENABLE_NS_ASSERTIONS = NO;
				ENABLE_STRICT_OBJC_MSGSEND = YES;
				ENABLE_USER_SCRIPT_SANDBOXING = YES;
				GCC_C_LANGUAGE_STANDARD = gnu17;
				GCC_NO_COMMON_BLOCKS = YES;
				GCC_WARN_64_TO_32_BIT_CONVERSION = YES;
				GCC_WARN_ABOUT_RETURN_TYPE = YES_ERROR;
				GCC_WARN_UNDECLARED_SELECTOR = YES;
				GCC_WARN_UNINITIALIZED_AUTOS = YES_AGGRESSIVE;
				GCC_WARN_UNUSED_FUNCTION = YES;
				GCC_WARN_UNUSED_VARIABLE = YES;
				LOCALIZATION_PREFERS_STRING_CATALOGS = YES;
				MACOSX_DEPLOYMENT_TARGET = 14.5;
				MTL_ENABLE_DEBUG_INFO = NO;
				MTL_FAST_MATH = YES;
				SDKROOT = macosx;
				SWIFT_COMPILATION_MODE = wholemodule;
			};
			name = Release;
		};
		6D46DC7B2D42F480007D2B42 /* Debug */ = {
			isa = XCBuildConfiguration;
			buildSettings = {
				ASSETCATALOG_COMPILER_APPICON_NAME = AppIcon;
				ASSETCATALOG_COMPILER_GLOBAL_ACCENT_COLOR_NAME = AccentColor;
				CODE_SIGN_ENTITLEMENTS = UnitTestWorkshop/UnitTestWorkshop.entitlements;
				CODE_SIGN_STYLE = Automatic;
				COMBINE_HIDPI_IMAGES = YES;
				CURRENT_PROJECT_VERSION = 1;
				DEVELOPMENT_TEAM = 95GB72XJX7;
				ENABLE_HARDENED_RUNTIME = YES;
				GENERATE_INFOPLIST_FILE = YES;
				INFOPLIST_KEY_NSHumanReadableCopyright = "";
				INFOPLIST_KEY_NSMainStoryboardFile = Main;
				INFOPLIST_KEY_NSPrincipalClass = NSApplication;
				LD_RUNPATH_SEARCH_PATHS = (
					"$(inherited)",
					"@executable_path/../Frameworks",
				);
				MARKETING_VERSION = 1.0;
				PRODUCT_BUNDLE_IDENTIFIER = mx.liverpool.UnitTestWorkshop;
				PRODUCT_NAME = "$(TARGET_NAME)";
				SWIFT_EMIT_LOC_STRINGS = YES;
				SWIFT_VERSION = 5.0;
			};
			name = Debug;
		};
		6D46DC7C2D42F480007D2B42 /* Release */ = {
			isa = XCBuildConfiguration;
			buildSettings = {
				ASSETCATALOG_COMPILER_APPICON_NAME = AppIcon;
				ASSETCATALOG_COMPILER_GLOBAL_ACCENT_COLOR_NAME = AccentColor;
				CODE_SIGN_ENTITLEMENTS = UnitTestWorkshop/UnitTestWorkshop.entitlements;
				CODE_SIGN_STYLE = Automatic;
				COMBINE_HIDPI_IMAGES = YES;
				CURRENT_PROJECT_VERSION = 1;
				DEVELOPMENT_TEAM = 95GB72XJX7;
				ENABLE_HARDENED_RUNTIME = YES;
				GENERATE_INFOPLIST_FILE = YES;
				INFOPLIST_KEY_NSHumanReadableCopyright = "";
				INFOPLIST_KEY_NSMainStoryboardFile = Main;
				INFOPLIST_KEY_NSPrincipalClass = NSApplication;
				LD_RUNPATH_SEARCH_PATHS = (
					"$(inherited)",
					"@executable_path/../Frameworks",
				);
				MARKETING_VERSION = 1.0;
				PRODUCT_BUNDLE_IDENTIFIER = mx.liverpool.UnitTestWorkshop;
				PRODUCT_NAME = "$(TARGET_NAME)";
				SWIFT_EMIT_LOC_STRINGS = YES;
				SWIFT_VERSION = 5.0;
			};
			name = Release;
		};
		6D46DC7E2D42F480007D2B42 /* Debug */ = {
			isa = XCBuildConfiguration;
			buildSettings = {
				ALWAYS_EMBED_SWIFT_STANDARD_LIBRARIES = YES;
				BUNDLE_LOADER = "$(TEST_HOST)";
				CODE_SIGN_STYLE = Automatic;
				CURRENT_PROJECT_VERSION = 1;
				DEVELOPMENT_TEAM = 95GB72XJX7;
				GENERATE_INFOPLIST_FILE = YES;
				MACOSX_DEPLOYMENT_TARGET = 14.5;
				MARKETING_VERSION = 1.0;
				PRODUCT_BUNDLE_IDENTIFIER = mx.liverpool.UnitTestWorkshopTests;
				PRODUCT_NAME = "$(TARGET_NAME)";
				SWIFT_EMIT_LOC_STRINGS = NO;
				SWIFT_VERSION = 5.0;
				TEST_HOST = "$(BUILT_PRODUCTS_DIR)/UnitTestWorkshop.app/$(BUNDLE_EXECUTABLE_FOLDER_PATH)/UnitTestWorkshop";
			};
			name = Debug;
		};
		6D46DC7F2D42F480007D2B42 /* Release */ = {
			isa = XCBuildConfiguration;
			buildSettings = {
				ALWAYS_EMBED_SWIFT_STANDARD_LIBRARIES = YES;
				BUNDLE_LOADER = "$(TEST_HOST)";
				CODE_SIGN_STYLE = Automatic;
				CURRENT_PROJECT_VERSION = 1;
				DEVELOPMENT_TEAM = 95GB72XJX7;
				GENERATE_INFOPLIST_FILE = YES;
				MACOSX_DEPLOYMENT_TARGET = 14.5;
				MARKETING_VERSION = 1.0;
				PRODUCT_BUNDLE_IDENTIFIER = mx.liverpool.UnitTestWorkshopTests;
				PRODUCT_NAME = "$(TARGET_NAME)";
				SWIFT_EMIT_LOC_STRINGS = NO;
				SWIFT_VERSION = 5.0;
				TEST_HOST = "$(BUILT_PRODUCTS_DIR)/UnitTestWorkshop.app/$(BUNDLE_EXECUTABLE_FOLDER_PATH)/UnitTestWorkshop";
			};
			name = Release;
		};
/* End XCBuildConfiguration section */

/* Begin XCConfigurationList section */
		6D46DC502D42F47C007D2B42 /* Build configuration list for PBXProject "UnitTestWorkshop" */ = {
			isa = XCConfigurationList;
			buildConfigurations = (
				6D46DC782D42F480007D2B42 /* Debug */,
				6D46DC792D42F480007D2B42 /* Release */,
			);
			defaultConfigurationIsVisible = 0;
			defaultConfigurationName = Release;
		};
		6D46DC7A2D42F480007D2B42 /* Build configuration list for PBXNativeTarget "UnitTestWorkshop" */ = {
			isa = XCConfigurationList;
			buildConfigurations = (
				6D46DC7B2D42F480007D2B42 /* Debug */,
				6D46DC7C2D42F480007D2B42 /* Release */,
			);
			defaultConfigurationIsVisible = 0;
			defaultConfigurationName = Release;
		};
		6D46DC7D2D42F480007D2B42 /* Build configuration list for PBXNativeTarget "UnitTestWorkshopTests" */ = {
			isa = XCConfigurationList;
			buildConfigurations = (
				6D46DC7E2D42F480007D2B42 /* Debug */,
				6D46DC7F2D42F480007D2B42 /* Release */,
			);
			defaultConfigurationIsVisible = 0;
			defaultConfigurationName = Release;
		};
/* End XCConfigurationList section */
	};
	rootObject = 6D46DC4D2D42F47C007D2B42 /* Project object */;
}
